// !$*UTF8*$!
{
	archiveVersion = 1;
	classes = {
	};
	objectVersion = 56;
	objects = {

/* Begin PBXBuildFile section */
		2F58B73629277744007B09EF /* BottomSheetView.swift in Sources */ = {isa = PBXBuildFile; fileRef = 2F58B73529277744007B09EF /* BottomSheetView.swift */; };
		2F58B738292779A3007B09EF /* FixedGridView.swift in Sources */ = {isa = PBXBuildFile; fileRef = 2F58B737292779A3007B09EF /* FixedGridView.swift */; };
		2F58B73A29277E4D007B09EF /* OnTapGestureLocationView.swift in Sources */ = {isa = PBXBuildFile; fileRef = 2F58B73929277E4D007B09EF /* OnTapGestureLocationView.swift */; };
		2F58B73C2927804F007B09EF /* ShareLinkView.swift in Sources */ = {isa = PBXBuildFile; fileRef = 2F58B73B2927804F007B09EF /* ShareLinkView.swift */; };
		2F7FC95C29B10FD500CFCAB3 /* MultipleDatePickerView.swift in Sources */ = {isa = PBXBuildFile; fileRef = 2F7FC95B29B10FD400CFCAB3 /* MultipleDatePickerView.swift */; };
		2F7FC95E29B112DF00CFCAB3 /* SearchableModifierView.swift in Sources */ = {isa = PBXBuildFile; fileRef = 2F7FC95D29B112DF00CFCAB3 /* SearchableModifierView.swift */; };
		2FCBAD5D29B210B300EF3389 /* SimpleGradientsAndShadowsView.swift in Sources */ = {isa = PBXBuildFile; fileRef = 2FCBAD5C29B210B300EF3389 /* SimpleGradientsAndShadowsView.swift */; };
		2FCBAD5F29B2348200EF3389 /* AnyLayoutExampleView.swift in Sources */ = {isa = PBXBuildFile; fileRef = 2FCBAD5E29B2348200EF3389 /* AnyLayoutExampleView.swift */; };
		2FCBAD6129B237AB00EF3389 /* RequestReviewFromUserView.swift in Sources */ = {isa = PBXBuildFile; fileRef = 2FCBAD6029B237AB00EF3389 /* RequestReviewFromUserView.swift */; };
		2FCBAD6329B238CA00EF3389 /* KeyboardDismissView.swift in Sources */ = {isa = PBXBuildFile; fileRef = 2FCBAD6229B238CA00EF3389 /* KeyboardDismissView.swift */; };
		2FCBAD6529B23AC300EF3389 /* HidingScrollIndicators.swift in Sources */ = {isa = PBXBuildFile; fileRef = 2FCBAD6429B23AC300EF3389 /* HidingScrollIndicators.swift */; };
		2FCBAD6729B23C5E00EF3389 /* VariableValuesWIthSFSymbols.swift in Sources */ = {isa = PBXBuildFile; fileRef = 2FCBAD6629B23C5E00EF3389 /* VariableValuesWIthSFSymbols.swift */; };
		2FCBAD6929B23DF300EF3389 /* LimitRangesForText.swift in Sources */ = {isa = PBXBuildFile; fileRef = 2FCBAD6829B23DF300EF3389 /* LimitRangesForText.swift */; };
		2FCBAD6B29B23EC400EF3389 /* TextAnimationView.swift in Sources */ = {isa = PBXBuildFile; fileRef = 2FCBAD6A29B23EC400EF3389 /* TextAnimationView.swift */; };
		2FCBAD6D29B23F6E00EF3389 /* AutomaticExpandingTextFieldsView.swift in Sources */ = {isa = PBXBuildFile; fileRef = 2FCBAD6C29B23F6E00EF3389 /* AutomaticExpandingTextFieldsView.swift */; };
		2FCBAD6F29B247F900EF3389 /* BoldAndItalicToggleView.swift in Sources */ = {isa = PBXBuildFile; fileRef = 2FCBAD6E29B247F900EF3389 /* BoldAndItalicToggleView.swift */; };
		2FCBAD7129B248C500EF3389 /* ForegroundcolorAnimationView.swift in Sources */ = {isa = PBXBuildFile; fileRef = 2FCBAD7029B248C500EF3389 /* ForegroundcolorAnimationView.swift */; };
		2FCBAD7329B2495D00EF3389 /* ToggleArrayOfBooleansView.swift in Sources */ = {isa = PBXBuildFile; fileRef = 2FCBAD7229B2495D00EF3389 /* ToggleArrayOfBooleansView.swift */; };
		2FE9FEBC2926491F0040D4E9 /* NewSwiftUIiOS16App.swift in Sources */ = {isa = PBXBuildFile; fileRef = 2FE9FEBB2926491F0040D4E9 /* NewSwiftUIiOS16App.swift */; };
		2FE9FEBE2926491F0040D4E9 /* ContentView.swift in Sources */ = {isa = PBXBuildFile; fileRef = 2FE9FEBD2926491F0040D4E9 /* ContentView.swift */; };
		2FE9FEC02926491F0040D4E9 /* Assets.xcassets in Resources */ = {isa = PBXBuildFile; fileRef = 2FE9FEBF2926491F0040D4E9 /* Assets.xcassets */; };
		2FE9FEC32926491F0040D4E9 /* Preview Assets.xcassets in Resources */ = {isa = PBXBuildFile; fileRef = 2FE9FEC22926491F0040D4E9 /* Preview Assets.xcassets */; };
		2FE9FECA2926497F0040D4E9 /* NavigationStackView.swift in Sources */ = {isa = PBXBuildFile; fileRef = 2FE9FEC92926497F0040D4E9 /* NavigationStackView.swift */; };
		2FE9FECC29264E230040D4E9 /* NavigationSplitStackView.swift in Sources */ = {isa = PBXBuildFile; fileRef = 2FE9FECB29264E230040D4E9 /* NavigationSplitStackView.swift */; };
/* End PBXBuildFile section */

/* Begin PBXFileReference section */
		2F58B73529277744007B09EF /* BottomSheetView.swift */ = {isa = PBXFileReference; lastKnownFileType = sourcecode.swift; path = BottomSheetView.swift; sourceTree = "<group>"; };
		2F58B737292779A3007B09EF /* FixedGridView.swift */ = {isa = PBXFileReference; lastKnownFileType = sourcecode.swift; path = FixedGridView.swift; sourceTree = "<group>"; };
		2F58B73929277E4D007B09EF /* OnTapGestureLocationView.swift */ = {isa = PBXFileReference; lastKnownFileType = sourcecode.swift; path = OnTapGestureLocationView.swift; sourceTree = "<group>"; };
		2F58B73B2927804F007B09EF /* ShareLinkView.swift */ = {isa = PBXFileReference; lastKnownFileType = sourcecode.swift; path = ShareLinkView.swift; sourceTree = "<group>"; };
		2F7FC95B29B10FD400CFCAB3 /* MultipleDatePickerView.swift */ = {isa = PBXFileReference; lastKnownFileType = sourcecode.swift; path = MultipleDatePickerView.swift; sourceTree = "<group>"; };
		2F7FC95D29B112DF00CFCAB3 /* SearchableModifierView.swift */ = {isa = PBXFileReference; lastKnownFileType = sourcecode.swift; path = SearchableModifierView.swift; sourceTree = "<group>"; };
		2FCBAD5C29B210B300EF3389 /* SimpleGradientsAndShadowsView.swift */ = {isa = PBXFileReference; lastKnownFileType = sourcecode.swift; path = SimpleGradientsAndShadowsView.swift; sourceTree = "<group>"; };
		2FCBAD5E29B2348200EF3389 /* AnyLayoutExampleView.swift */ = {isa = PBXFileReference; lastKnownFileType = sourcecode.swift; path = AnyLayoutExampleView.swift; sourceTree = "<group>"; };
		2FCBAD6029B237AB00EF3389 /* RequestReviewFromUserView.swift */ = {isa = PBXFileReference; lastKnownFileType = sourcecode.swift; path = RequestReviewFromUserView.swift; sourceTree = "<group>"; };
		2FCBAD6229B238CA00EF3389 /* KeyboardDismissView.swift */ = {isa = PBXFileReference; lastKnownFileType = sourcecode.swift; path = KeyboardDismissView.swift; sourceTree = "<group>"; };
		2FCBAD6429B23AC300EF3389 /* HidingScrollIndicators.swift */ = {isa = PBXFileReference; lastKnownFileType = sourcecode.swift; path = HidingScrollIndicators.swift; sourceTree = "<group>"; };
		2FCBAD6629B23C5E00EF3389 /* VariableValuesWIthSFSymbols.swift */ = {isa = PBXFileReference; lastKnownFileType = sourcecode.swift; path = VariableValuesWIthSFSymbols.swift; sourceTree = "<group>"; };
		2FCBAD6829B23DF300EF3389 /* LimitRangesForText.swift */ = {isa = PBXFileReference; lastKnownFileType = sourcecode.swift; path = LimitRangesForText.swift; sourceTree = "<group>"; };
		2FCBAD6A29B23EC400EF3389 /* TextAnimationView.swift */ = {isa = PBXFileReference; lastKnownFileType = sourcecode.swift; path = TextAnimationView.swift; sourceTree = "<group>"; };
		2FCBAD6C29B23F6E00EF3389 /* AutomaticExpandingTextFieldsView.swift */ = {isa = PBXFileReference; lastKnownFileType = sourcecode.swift; path = AutomaticExpandingTextFieldsView.swift; sourceTree = "<group>"; };
		2FCBAD6E29B247F900EF3389 /* BoldAndItalicToggleView.swift */ = {isa = PBXFileReference; lastKnownFileType = sourcecode.swift; path = BoldAndItalicToggleView.swift; sourceTree = "<group>"; };
		2FCBAD7029B248C500EF3389 /* ForegroundcolorAnimationView.swift */ = {isa = PBXFileReference; lastKnownFileType = sourcecode.swift; path = ForegroundcolorAnimationView.swift; sourceTree = "<group>"; };
		2FCBAD7229B2495D00EF3389 /* ToggleArrayOfBooleansView.swift */ = {isa = PBXFileReference; lastKnownFileType = sourcecode.swift; path = ToggleArrayOfBooleansView.swift; sourceTree = "<group>"; };
		2FE9FEB82926491F0040D4E9 /* NewSwiftUIiOS16.app */ = {isa = PBXFileReference; explicitFileType = wrapper.application; includeInIndex = 0; path = NewSwiftUIiOS16.app; sourceTree = BUILT_PRODUCTS_DIR; };
		2FE9FEBB2926491F0040D4E9 /* NewSwiftUIiOS16App.swift */ = {isa = PBXFileReference; lastKnownFileType = sourcecode.swift; path = NewSwiftUIiOS16App.swift; sourceTree = "<group>"; };
		2FE9FEBD2926491F0040D4E9 /* ContentView.swift */ = {isa = PBXFileReference; lastKnownFileType = sourcecode.swift; path = ContentView.swift; sourceTree = "<group>"; };
		2FE9FEBF2926491F0040D4E9 /* Assets.xcassets */ = {isa = PBXFileReference; lastKnownFileType = folder.assetcatalog; path = Assets.xcassets; sourceTree = "<group>"; };
		2FE9FEC22926491F0040D4E9 /* Preview Assets.xcassets */ = {isa = PBXFileReference; lastKnownFileType = folder.assetcatalog; path = "Preview Assets.xcassets"; sourceTree = "<group>"; };
		2FE9FEC92926497F0040D4E9 /* NavigationStackView.swift */ = {isa = PBXFileReference; lastKnownFileType = sourcecode.swift; path = NavigationStackView.swift; sourceTree = "<group>"; };
		2FE9FECB29264E230040D4E9 /* NavigationSplitStackView.swift */ = {isa = PBXFileReference; lastKnownFileType = sourcecode.swift; path = NavigationSplitStackView.swift; sourceTree = "<group>"; };
/* End PBXFileReference section */

/* Begin PBXFrameworksBuildPhase section */
		2FE9FEB52926491F0040D4E9 /* Frameworks */ = {
			isa = PBXFrameworksBuildPhase;
			buildActionMask = 2147483647;
			files = (
			);
			runOnlyForDeploymentPostprocessing = 0;
		};
/* End PBXFrameworksBuildPhase section */

/* Begin PBXGroup section */
		2FE9FEAF2926491F0040D4E9 = {
			isa = PBXGroup;
			children = (
				2FE9FEBA2926491F0040D4E9 /* NewSwiftUIiOS16 */,
				2FE9FEB92926491F0040D4E9 /* Products */,
			);
			sourceTree = "<group>";
		};
		2FE9FEB92926491F0040D4E9 /* Products */ = {
			isa = PBXGroup;
			children = (
				2FE9FEB82926491F0040D4E9 /* NewSwiftUIiOS16.app */,
			);
			name = Products;
			sourceTree = "<group>";
		};
		2FE9FEBA2926491F0040D4E9 /* NewSwiftUIiOS16 */ = {
			isa = PBXGroup;
			children = (
				2FCBAD5E29B2348200EF3389 /* AnyLayoutExampleView.swift */,
				2FE9FEBF2926491F0040D4E9 /* Assets.xcassets */,
				2FCBAD6C29B23F6E00EF3389 /* AutomaticExpandingTextFieldsView.swift */,
				2FCBAD6E29B247F900EF3389 /* BoldAndItalicToggleView.swift */,
				2F58B73529277744007B09EF /* BottomSheetView.swift */,
				2FE9FEBD2926491F0040D4E9 /* ContentView.swift */,
				2F58B737292779A3007B09EF /* FixedGridView.swift */,
				2FCBAD7029B248C500EF3389 /* ForegroundcolorAnimationView.swift */,
				2FCBAD6429B23AC300EF3389 /* HidingScrollIndicators.swift */,
				2FCBAD6229B238CA00EF3389 /* KeyboardDismissView.swift */,
				2FCBAD6829B23DF300EF3389 /* LimitRangesForText.swift */,
				2F7FC95B29B10FD400CFCAB3 /* MultipleDatePickerView.swift */,
				2FE9FECB29264E230040D4E9 /* NavigationSplitStackView.swift */,
				2FE9FEC92926497F0040D4E9 /* NavigationStackView.swift */,
				2FE9FEBB2926491F0040D4E9 /* NewSwiftUIiOS16App.swift */,
				2F58B73929277E4D007B09EF /* OnTapGestureLocationView.swift */,
				2FE9FEC12926491F0040D4E9 /* Preview Content */,
				2FCBAD6029B237AB00EF3389 /* RequestReviewFromUserView.swift */,
				2F7FC95D29B112DF00CFCAB3 /* SearchableModifierView.swift */,
				2F58B73B2927804F007B09EF /* ShareLinkView.swift */,
				2FCBAD5C29B210B300EF3389 /* SimpleGradientsAndShadowsView.swift */,
				2FCBAD6A29B23EC400EF3389 /* TextAnimationView.swift */,
				2FCBAD7229B2495D00EF3389 /* ToggleArrayOfBooleansView.swift */,
				2FCBAD6629B23C5E00EF3389 /* VariableValuesWIthSFSymbols.swift */,
			);
			path = NewSwiftUIiOS16;
			sourceTree = "<group>";
		};
		2FE9FEC12926491F0040D4E9 /* Preview Content */ = {
			isa = PBXGroup;
			children = (
				2FE9FEC22926491F0040D4E9 /* Preview Assets.xcassets */,
			);
			path = "Preview Content";
			sourceTree = "<group>";
		};
/* End PBXGroup section */

/* Begin PBXNativeTarget section */
		2FE9FEB72926491F0040D4E9 /* NewSwiftUIiOS16 */ = {
			isa = PBXNativeTarget;
			buildConfigurationList = 2FE9FEC62926491F0040D4E9 /* Build configuration list for PBXNativeTarget "NewSwiftUIiOS16" */;
			buildPhases = (
				2FE9FEB42926491F0040D4E9 /* Sources */,
				2FE9FEB52926491F0040D4E9 /* Frameworks */,
				2FE9FEB62926491F0040D4E9 /* Resources */,
			);
			buildRules = (
			);
			dependencies = (
			);
			name = NewSwiftUIiOS16;
			productName = NewSwiftUIiOS16;
			productReference = 2FE9FEB82926491F0040D4E9 /* NewSwiftUIiOS16.app */;
			productType = "com.apple.product-type.application";
		};
/* End PBXNativeTarget section */

/* Begin PBXProject section */
		2FE9FEB02926491F0040D4E9 /* Project object */ = {
			isa = PBXProject;
			attributes = {
				BuildIndependentTargetsInParallel = 1;
				LastSwiftUpdateCheck = 1410;
				LastUpgradeCheck = 1410;
				TargetAttributes = {
					2FE9FEB72926491F0040D4E9 = {
						CreatedOnToolsVersion = 14.1;
					};
				};
			};
			buildConfigurationList = 2FE9FEB32926491F0040D4E9 /* Build configuration list for PBXProject "NewSwiftUIiOS16" */;
			compatibilityVersion = "Xcode 14.0";
			developmentRegion = en;
			hasScannedForEncodings = 0;
			knownRegions = (
				en,
				Base,
			);
			mainGroup = 2FE9FEAF2926491F0040D4E9;
			productRefGroup = 2FE9FEB92926491F0040D4E9 /* Products */;
			projectDirPath = "";
			projectRoot = "";
			targets = (
				2FE9FEB72926491F0040D4E9 /* NewSwiftUIiOS16 */,
			);
		};
/* End PBXProject section */

/* Begin PBXResourcesBuildPhase section */
		2FE9FEB62926491F0040D4E9 /* Resources */ = {
			isa = PBXResourcesBuildPhase;
			buildActionMask = 2147483647;
			files = (
				2FE9FEC32926491F0040D4E9 /* Preview Assets.xcassets in Resources */,
				2FE9FEC02926491F0040D4E9 /* Assets.xcassets in Resources */,
			);
			runOnlyForDeploymentPostprocessing = 0;
		};
/* End PBXResourcesBuildPhase section */

/* Begin PBXSourcesBuildPhase section */
		2FE9FEB42926491F0040D4E9 /* Sources */ = {
			isa = PBXSourcesBuildPhase;
			buildActionMask = 2147483647;
			files = (
				2FCBAD6729B23C5E00EF3389 /* VariableValuesWIthSFSymbols.swift in Sources */,
				2FE9FEBE2926491F0040D4E9 /* ContentView.swift in Sources */,
				2FCBAD6929B23DF300EF3389 /* LimitRangesForText.swift in Sources */,
				2FCBAD6F29B247F900EF3389 /* BoldAndItalicToggleView.swift in Sources */,
				2F58B73629277744007B09EF /* BottomSheetView.swift in Sources */,
				2FCBAD5F29B2348200EF3389 /* AnyLayoutExampleView.swift in Sources */,
				2FCBAD7329B2495D00EF3389 /* ToggleArrayOfBooleansView.swift in Sources */,
				2FCBAD7129B248C500EF3389 /* ForegroundcolorAnimationView.swift in Sources */,
				2FCBAD6129B237AB00EF3389 /* RequestReviewFromUserView.swift in Sources */,
				2FCBAD6529B23AC300EF3389 /* HidingScrollIndicators.swift in Sources */,
				2F58B73C2927804F007B09EF /* ShareLinkView.swift in Sources */,
				2FCBAD6D29B23F6E00EF3389 /* AutomaticExpandingTextFieldsView.swift in Sources */,
				2FE9FECA2926497F0040D4E9 /* NavigationStackView.swift in Sources */,
				2F58B73A29277E4D007B09EF /* OnTapGestureLocationView.swift in Sources */,
				2FE9FEBC2926491F0040D4E9 /* NewSwiftUIiOS16App.swift in Sources */,
				2F7FC95C29B10FD500CFCAB3 /* MultipleDatePickerView.swift in Sources */,
				2FCBAD6B29B23EC400EF3389 /* TextAnimationView.swift in Sources */,
				2F7FC95E29B112DF00CFCAB3 /* SearchableModifierView.swift in Sources */,
				2FE9FECC29264E230040D4E9 /* NavigationSplitStackView.swift in Sources */,
				2FCBAD5D29B210B300EF3389 /* SimpleGradientsAndShadowsView.swift in Sources */,
				2FCBAD6329B238CA00EF3389 /* KeyboardDismissView.swift in Sources */,
				2F58B738292779A3007B09EF /* FixedGridView.swift in Sources */,
			);
			runOnlyForDeploymentPostprocessing = 0;
		};
/* End PBXSourcesBuildPhase section */

/* Begin XCBuildConfiguration section */
		2FE9FEC42926491F0040D4E9 /* Debug */ = {
			isa = XCBuildConfiguration;
			buildSettings = {
				ALWAYS_SEARCH_USER_PATHS = NO;
				CLANG_ANALYZER_NONNULL = YES;
				CLANG_ANALYZER_NUMBER_OBJECT_CONVERSION = YES_AGGRESSIVE;
				CLANG_CXX_LANGUAGE_STANDARD = "gnu++20";
				CLANG_ENABLE_MODULES = YES;
				CLANG_ENABLE_OBJC_ARC = YES;
				CLANG_ENABLE_OBJC_WEAK = YES;
				CLANG_WARN_BLOCK_CAPTURE_AUTORELEASING = YES;
				CLANG_WARN_BOOL_CONVERSION = YES;
				CLANG_WARN_COMMA = YES;
				CLANG_WARN_CONSTANT_CONVERSION = YES;
				CLANG_WARN_DEPRECATED_OBJC_IMPLEMENTATIONS = YES;
				CLANG_WARN_DIRECT_OBJC_ISA_USAGE = YES_ERROR;
				CLANG_WARN_DOCUMENTATION_COMMENTS = YES;
				CLANG_WARN_EMPTY_BODY = YES;
				CLANG_WARN_ENUM_CONVERSION = YES;
				CLANG_WARN_INFINITE_RECURSION = YES;
				CLANG_WARN_INT_CONVERSION = YES;
				CLANG_WARN_NON_LITERAL_NULL_CONVERSION = YES;
				CLANG_WARN_OBJC_IMPLICIT_RETAIN_SELF = YES;
				CLANG_WARN_OBJC_LITERAL_CONVERSION = YES;
				CLANG_WARN_OBJC_ROOT_CLASS = YES_ERROR;
				CLANG_WARN_QUOTED_INCLUDE_IN_FRAMEWORK_HEADER = YES;
				CLANG_WARN_RANGE_LOOP_ANALYSIS = YES;
				CLANG_WARN_STRICT_PROTOTYPES = YES;
				CLANG_WARN_SUSPICIOUS_MOVE = YES;
				CLANG_WARN_UNGUARDED_AVAILABILITY = YES_AGGRESSIVE;
				CLANG_WARN_UNREACHABLE_CODE = YES;
				CLANG_WARN__DUPLICATE_METHOD_MATCH = YES;
				COPY_PHASE_STRIP = NO;
				DEBUG_INFORMATION_FORMAT = dwarf;
				ENABLE_STRICT_OBJC_MSGSEND = YES;
				ENABLE_TESTABILITY = YES;
				GCC_C_LANGUAGE_STANDARD = gnu11;
				GCC_DYNAMIC_NO_PIC = NO;
				GCC_NO_COMMON_BLOCKS = YES;
				GCC_OPTIMIZATION_LEVEL = 0;
				GCC_PREPROCESSOR_DEFINITIONS = (
					"DEBUG=1",
					"$(inherited)",
				);
				GCC_WARN_64_TO_32_BIT_CONVERSION = YES;
				GCC_WARN_ABOUT_RETURN_TYPE = YES_ERROR;
				GCC_WARN_UNDECLARED_SELECTOR = YES;
				GCC_WARN_UNINITIALIZED_AUTOS = YES_AGGRESSIVE;
				GCC_WARN_UNUSED_FUNCTION = YES;
				GCC_WARN_UNUSED_VARIABLE = YES;
				IPHONEOS_DEPLOYMENT_TARGET = 16.1;
				MTL_ENABLE_DEBUG_INFO = INCLUDE_SOURCE;
				MTL_FAST_MATH = YES;
				ONLY_ACTIVE_ARCH = YES;
				SDKROOT = iphoneos;
				SWIFT_ACTIVE_COMPILATION_CONDITIONS = DEBUG;
				SWIFT_OPTIMIZATION_LEVEL = "-Onone";
			};
			name = Debug;
		};
		2FE9FEC52926491F0040D4E9 /* Release */ = {
			isa = XCBuildConfiguration;
			buildSettings = {
				ALWAYS_SEARCH_USER_PATHS = NO;
				CLANG_ANALYZER_NONNULL = YES;
				CLANG_ANALYZER_NUMBER_OBJECT_CONVERSION = YES_AGGRESSIVE;
				CLANG_CXX_LANGUAGE_STANDARD = "gnu++20";
				CLANG_ENABLE_MODULES = YES;
				CLANG_ENABLE_OBJC_ARC = YES;
				CLANG_ENABLE_OBJC_WEAK = YES;
				CLANG_WARN_BLOCK_CAPTURE_AUTORELEASING = YES;
				CLANG_WARN_BOOL_CONVERSION = YES;
				CLANG_WARN_COMMA = YES;
				CLANG_WARN_CONSTANT_CONVERSION = YES;
				CLANG_WARN_DEPRECATED_OBJC_IMPLEMENTATIONS = YES;
				CLANG_WARN_DIRECT_OBJC_ISA_USAGE = YES_ERROR;
				CLANG_WARN_DOCUMENTATION_COMMENTS = YES;
				CLANG_WARN_EMPTY_BODY = YES;
				CLANG_WARN_ENUM_CONVERSION = YES;
				CLANG_WARN_INFINITE_RECURSION = YES;
				CLANG_WARN_INT_CONVERSION = YES;
				CLANG_WARN_NON_LITERAL_NULL_CONVERSION = YES;
				CLANG_WARN_OBJC_IMPLICIT_RETAIN_SELF = YES;
				CLANG_WARN_OBJC_LITERAL_CONVERSION = YES;
				CLANG_WARN_OBJC_ROOT_CLASS = YES_ERROR;
				CLANG_WARN_QUOTED_INCLUDE_IN_FRAMEWORK_HEADER = YES;
				CLANG_WARN_RANGE_LOOP_ANALYSIS = YES;
				CLANG_WARN_STRICT_PROTOTYPES = YES;
				CLANG_WARN_SUSPICIOUS_MOVE = YES;
				CLANG_WARN_UNGUARDED_AVAILABILITY = YES_AGGRESSIVE;
				CLANG_WARN_UNREACHABLE_CODE = YES;
				CLANG_WARN__DUPLICATE_METHOD_MATCH = YES;
				COPY_PHASE_STRIP = NO;
				DEBUG_INFORMATION_FORMAT = "dwarf-with-dsym";
				ENABLE_NS_ASSERTIONS = NO;
				ENABLE_STRICT_OBJC_MSGSEND = YES;
				GCC_C_LANGUAGE_STANDARD = gnu11;
				GCC_NO_COMMON_BLOCKS = YES;
				GCC_WARN_64_TO_32_BIT_CONVERSION = YES;
				GCC_WARN_ABOUT_RETURN_TYPE = YES_ERROR;
				GCC_WARN_UNDECLARED_SELECTOR = YES;
				GCC_WARN_UNINITIALIZED_AUTOS = YES_AGGRESSIVE;
				GCC_WARN_UNUSED_FUNCTION = YES;
				GCC_WARN_UNUSED_VARIABLE = YES;
				IPHONEOS_DEPLOYMENT_TARGET = 16.1;
				MTL_ENABLE_DEBUG_INFO = NO;
				MTL_FAST_MATH = YES;
				SDKROOT = iphoneos;
				SWIFT_COMPILATION_MODE = wholemodule;
				SWIFT_OPTIMIZATION_LEVEL = "-O";
				VALIDATE_PRODUCT = YES;
			};
			name = Release;
		};
		2FE9FEC72926491F0040D4E9 /* Debug */ = {
			isa = XCBuildConfiguration;
			buildSettings = {
				ASSETCATALOG_COMPILER_APPICON_NAME = AppIcon;
				ASSETCATALOG_COMPILER_GLOBAL_ACCENT_COLOR_NAME = AccentColor;
				CODE_SIGN_STYLE = Automatic;
				CURRENT_PROJECT_VERSION = 1;
				DEVELOPMENT_ASSET_PATHS = "\"NewSwiftUIiOS16/Preview Content\"";
				DEVELOPMENT_TEAM = MJ4M4XMHNY;
				ENABLE_PREVIEWS = YES;
				GENERATE_INFOPLIST_FILE = YES;
				INFOPLIST_KEY_UIApplicationSceneManifest_Generation = YES;
				INFOPLIST_KEY_UIApplicationSupportsIndirectInputEvents = YES;
				INFOPLIST_KEY_UILaunchScreen_Generation = YES;
				INFOPLIST_KEY_UISupportedInterfaceOrientations_iPad = "UIInterfaceOrientationPortrait UIInterfaceOrientationPortraitUpsideDown UIInterfaceOrientationLandscapeLeft UIInterfaceOrientationLandscapeRight";
				INFOPLIST_KEY_UISupportedInterfaceOrientations_iPhone = "UIInterfaceOrientationPortrait UIInterfaceOrientationLandscapeLeft UIInterfaceOrientationLandscapeRight";
				LD_RUNPATH_SEARCH_PATHS = (
					"$(inherited)",
					"@executable_path/Frameworks",
				);
				MARKETING_VERSION = 1.0;
				PRODUCT_BUNDLE_IDENTIFIER = com.gmail.kortes39dev.NewSwiftUIiOS16;
				PRODUCT_NAME = "$(TARGET_NAME)";
				SWIFT_EMIT_LOC_STRINGS = YES;
				SWIFT_VERSION = 5.0;
				TARGETED_DEVICE_FAMILY = "1,2";
			};
			name = Debug;
		};
		2FE9FEC82926491F0040D4E9 /* Release */ = {
			isa = XCBuildConfiguration;
			buildSettings = {
				ASSETCATALOG_COMPILER_APPICON_NAME = AppIcon;
				ASSETCATALOG_COMPILER_GLOBAL_ACCENT_COLOR_NAME = AccentColor;
				CODE_SIGN_STYLE = Automatic;
				CURRENT_PROJECT_VERSION = 1;
				DEVELOPMENT_ASSET_PATHS = "\"NewSwiftUIiOS16/Preview Content\"";
				DEVELOPMENT_TEAM = MJ4M4XMHNY;
				ENABLE_PREVIEWS = YES;
				GENERATE_INFOPLIST_FILE = YES;
				INFOPLIST_KEY_UIApplicationSceneManifest_Generation = YES;
				INFOPLIST_KEY_UIApplicationSupportsIndirectInputEvents = YES;
				INFOPLIST_KEY_UILaunchScreen_Generation = YES;
				INFOPLIST_KEY_UISupportedInterfaceOrientations_iPad = "UIInterfaceOrientationPortrait UIInterfaceOrientationPortraitUpsideDown UIInterfaceOrientationLandscapeLeft UIInterfaceOrientationLandscapeRight";
				INFOPLIST_KEY_UISupportedInterfaceOrientations_iPhone = "UIInterfaceOrientationPortrait UIInterfaceOrientationLandscapeLeft UIInterfaceOrientationLandscapeRight";
				LD_RUNPATH_SEARCH_PATHS = (
					"$(inherited)",
					"@executable_path/Frameworks",
				);
				MARKETING_VERSION = 1.0;
				PRODUCT_BUNDLE_IDENTIFIER = com.gmail.kortes39dev.NewSwiftUIiOS16;
				PRODUCT_NAME = "$(TARGET_NAME)";
				SWIFT_EMIT_LOC_STRINGS = YES;
				SWIFT_VERSION = 5.0;
				TARGETED_DEVICE_FAMILY = "1,2";
			};
			name = Release;
		};
/* End XCBuildConfiguration section */

/* Begin XCConfigurationList section */
		2FE9FEB32926491F0040D4E9 /* Build configuration list for PBXProject "NewSwiftUIiOS16" */ = {
			isa = XCConfigurationList;
			buildConfigurations = (
				2FE9FEC42926491F0040D4E9 /* Debug */,
				2FE9FEC52926491F0040D4E9 /* Release */,
			);
			defaultConfigurationIsVisible = 0;
			defaultConfigurationName = Release;
		};
		2FE9FEC62926491F0040D4E9 /* Build configuration list for PBXNativeTarget "NewSwiftUIiOS16" */ = {
			isa = XCConfigurationList;
			buildConfigurations = (
				2FE9FEC72926491F0040D4E9 /* Debug */,
				2FE9FEC82926491F0040D4E9 /* Release */,
			);
			defaultConfigurationIsVisible = 0;
			defaultConfigurationName = Release;
		};
/* End XCConfigurationList section */
	};
	rootObject = 2FE9FEB02926491F0040D4E9 /* Project object */;
}
